{
  "name": "iss-3d-world",
  "version": "1.0.0",
  "lockfileVersion": 1,
  "requires": true,
  "dependencies": {
    "dat.gui": {
      "version": "0.7.1",
      "resolved": "https://registry.npmjs.org/dat.gui/-/dat.gui-0.7.1.tgz",
      "integrity": "sha512-fTv1JQqjwA1Rtjy/i0ThdLgUOSWA3hOJrvNEl3XrfaMvCcFdV0h01bo3aGXknLx3okJ7AO9qqgVz6TbuRHxYAw=="
    },
    "three": {
      "version": "0.91.0",
      "resolved": "https://registry.npmjs.org/three/-/three-0.91.0.tgz",
      "integrity": "sha512-dzikzdcddNROFZi3vkbV8YonBmqnonbJv2FxlQBEE2wKzZutddnjiS8qBZG2+EB40l505Xw8OMClQm+GmbwI/g=="
    }
  }
}
